
Microsoft Visual Studio Solution File, Format Version 12.00
# Visual Studio 15
VisualStudioVersion = 15.0.28307.329
MinimumVisualStudioVersion = 10.0.40219.1
Project("{FAE04EC0-301F-11D3-BF4B-00C04F79EFBC}") = "SisComWeb.Services", "SisComWeb.Services\SisComWeb.Services.csproj", "{96CCCD4F-3EE5-4F46-878F-E59606246ABC}"
EndProject
Project("{2150E333-8FDC-42A3-9474-1A3956D46DE8}") = "2. Layer Services", "2. Layer Services", "{1526E8C2-A46B-4922-8156-64D87B9D0BCB}"
EndProject
Project("{2150E333-8FDC-42A3-9474-1A3956D46DE8}") = "1. Layer Aplication", "1. Layer Aplication", "{223649B8-1B81-4507-9734-03BC3A8853A1}"
EndProject
Project("{2150E333-8FDC-42A3-9474-1A3956D46DE8}") = "3. Layer Business", "3. Layer Business", "{35BD72C3-2D51-49DF-B618-F1AD22CA9D8E}"
EndProject
Project("{2150E333-8FDC-42A3-9474-1A3956D46DE8}") = "4. Layer Repository", "4. Layer Repository", "{D1ED99BB-A25C-4E04-8B8E-819DD0248F1C}"
EndProject
Project("{2150E333-8FDC-42A3-9474-1A3956D46DE8}") = "5. Layer Entity", "5. Layer Entity", "{FFD5EB77-8BD1-4249-945A-B18886E5EBE1}"
EndProject
Project("{2150E333-8FDC-42A3-9474-1A3956D46DE8}") = "6. Layer Utility", "6. Layer Utility", "{176DBEA4-64F2-4938-BA6A-3C540FCC0350}"
EndProject
Project("{2150E333-8FDC-42A3-9474-1A3956D46DE8}") = "7. Layer Test", "7. Layer Test", "{84566709-ABDB-4CFD-9F58-867D689160DB}"
EndProject
Project("{FAE04EC0-301F-11D3-BF4B-00C04F79EFBC}") = "SisComWeb.Business", "SisComWeb.Business\SisComWeb.Business.csproj", "{6F62C3E0-FDD9-47A7-83A6-9B596703BBE7}"
EndProject
Project("{FAE04EC0-301F-11D3-BF4B-00C04F79EFBC}") = "SisComWeb.Repository", "SisComWeb.Repository\SisComWeb.Repository.csproj", "{2AD87241-8A9B-45D6-BE55-7DF6921B72C3}"
EndProject
Project("{FAE04EC0-301F-11D3-BF4B-00C04F79EFBC}") = "SisComWeb.Entity", "SisComWeb.Entity\SisComWeb.Entity.csproj", "{CECCCF83-3642-4F5E-8123-B0D5C6FCB207}"
EndProject
Project("{FAE04EC0-301F-11D3-BF4B-00C04F79EFBC}") = "SisComWeb.Utility", "SisComWeb.Utility\SisComWeb.Utility.csproj", "{88FA9491-735C-4A7F-AE8A-C26E679788CD}"
EndProject
Project("{FAE04EC0-301F-11D3-BF4B-00C04F79EFBC}") = "SisComWeb.Test", "SisComWeb.Test\SisComWeb.Test.csproj", "{0930C94F-84DF-4420-8649-8BE4560414B3}"
EndProject
Project("{FAE04EC0-301F-11D3-BF4B-00C04F79EFBC}") = "SisComWeb.Aplication", "SisComWeb.Aplication\SisComWeb.Aplication.csproj", "{5D945A37-B147-468A-8582-42BBC89DF3AD}"
EndProject
Global
	GlobalSection(SolutionConfigurationPlatforms) = preSolution
		Debug|Any CPU = Debug|Any CPU
		Release|Any CPU = Release|Any CPU
	EndGlobalSection
	GlobalSection(ProjectConfigurationPlatforms) = postSolution
		{96CCCD4F-3EE5-4F46-878F-E59606246ABC}.Debug|Any CPU.ActiveCfg = Debug|Any CPU
		{96CCCD4F-3EE5-4F46-878F-E59606246ABC}.Debug|Any CPU.Build.0 = Debug|Any CPU
		{96CCCD4F-3EE5-4F46-878F-E59606246ABC}.Release|Any CPU.ActiveCfg = Debug|Any CPU
		{96CCCD4F-3EE5-4F46-878F-E59606246ABC}.Release|Any CPU.Build.0 = Debug|Any CPU
		{6F62C3E0-FDD9-47A7-83A6-9B596703BBE7}.Debug|Any CPU.ActiveCfg = Debug|Any CPU
		{6F62C3E0-FDD9-47A7-83A6-9B596703BBE7}.Debug|Any CPU.Build.0 = Debug|Any CPU
		{6F62C3E0-FDD9-47A7-83A6-9B596703BBE7}.Release|Any CPU.ActiveCfg = Debug|Any CPU
		{6F62C3E0-FDD9-47A7-83A6-9B596703BBE7}.Release|Any CPU.Build.0 = Debug|Any CPU
		{2AD87241-8A9B-45D6-BE55-7DF6921B72C3}.Debug|Any CPU.ActiveCfg = Debug|Any CPU
		{2AD87241-8A9B-45D6-BE55-7DF6921B72C3}.Debug|Any CPU.Build.0 = Debug|Any CPU
		{2AD87241-8A9B-45D6-BE55-7DF6921B72C3}.Release|Any CPU.ActiveCfg = Debug|Any CPU
		{2AD87241-8A9B-45D6-BE55-7DF6921B72C3}.Release|Any CPU.Build.0 = Debug|Any CPU
		{CECCCF83-3642-4F5E-8123-B0D5C6FCB207}.Debug|Any CPU.ActiveCfg = Debug|Any CPU
		{CECCCF83-3642-4F5E-8123-B0D5C6FCB207}.Debug|Any CPU.Build.0 = Debug|Any CPU
		{CECCCF83-3642-4F5E-8123-B0D5C6FCB207}.Release|Any CPU.ActiveCfg = Debug|Any CPU
		{CECCCF83-3642-4F5E-8123-B0D5C6FCB207}.Release|Any CPU.Build.0 = Debug|Any CPU
		{88FA9491-735C-4A7F-AE8A-C26E679788CD}.Debug|Any CPU.ActiveCfg = Debug|Any CPU
		{88FA9491-735C-4A7F-AE8A-C26E679788CD}.Debug|Any CPU.Build.0 = Debug|Any CPU
		{88FA9491-735C-4A7F-AE8A-C26E679788CD}.Release|Any CPU.ActiveCfg = Debug|Any CPU
		{88FA9491-735C-4A7F-AE8A-C26E679788CD}.Release|Any CPU.Build.0 = Debug|Any CPU
		{0930C94F-84DF-4420-8649-8BE4560414B3}.Debug|Any CPU.ActiveCfg = Debug|Any CPU
		{0930C94F-84DF-4420-8649-8BE4560414B3}.Debug|Any CPU.Build.0 = Debug|Any CPU
		{0930C94F-84DF-4420-8649-8BE4560414B3}.Release|Any CPU.ActiveCfg = Debug|Any CPU
		{0930C94F-84DF-4420-8649-8BE4560414B3}.Release|Any CPU.Build.0 = Debug|Any CPU
		{5D945A37-B147-468A-8582-42BBC89DF3AD}.Debug|Any CPU.ActiveCfg = Debug|Any CPU
		{5D945A37-B147-468A-8582-42BBC89DF3AD}.Debug|Any CPU.Build.0 = Debug|Any CPU
		{5D945A37-B147-468A-8582-42BBC89DF3AD}.Release|Any CPU.ActiveCfg = Debug|Any CPU
		{5D945A37-B147-468A-8582-42BBC89DF3AD}.Release|Any CPU.Build.0 = Debug|Any CPU
	EndGlobalSection
	GlobalSection(SolutionProperties) = preSolution
		HideSolutionNode = FALSE
	EndGlobalSection
	GlobalSection(NestedProjects) = preSolution
		{96CCCD4F-3EE5-4F46-878F-E59606246ABC} = {1526E8C2-A46B-4922-8156-64D87B9D0BCB}
		{6F62C3E0-FDD9-47A7-83A6-9B596703BBE7} = {35BD72C3-2D51-49DF-B618-F1AD22CA9D8E}
		{2AD87241-8A9B-45D6-BE55-7DF6921B72C3} = {D1ED99BB-A25C-4E04-8B8E-819DD0248F1C}
		{CECCCF83-3642-4F5E-8123-B0D5C6FCB207} = {FFD5EB77-8BD1-4249-945A-B18886E5EBE1}
		{88FA9491-735C-4A7F-AE8A-C26E679788CD} = {176DBEA4-64F2-4938-BA6A-3C540FCC0350}
		{0930C94F-84DF-4420-8649-8BE4560414B3} = {84566709-ABDB-4CFD-9F58-867D689160DB}
		{5D945A37-B147-468A-8582-42BBC89DF3AD} = {223649B8-1B81-4507-9734-03BC3A8853A1}
	EndGlobalSection
	GlobalSection(ExtensibilityGlobals) = postSolution
		SolutionGuid = {1DE21DC3-7BB3-4DF4-8B45-43435FFDE652}
	EndGlobalSection
EndGlobal
